// !$*UTF8*$!
{
	archiveVersion = 1;
	classes = {
	};
	objectVersion = 50;
	objects = {

/* Begin PBXBuildFile section */
		1590B03E26CE5D6A00A2EA18 /* AppDelegate.swift in Sources */ = {isa = PBXBuildFile; fileRef = 1590B03D26CE5D6A00A2EA18 /* AppDelegate.swift */; };
		1590B04026CE5D6A00A2EA18 /* SceneDelegate.swift in Sources */ = {isa = PBXBuildFile; fileRef = 1590B03F26CE5D6A00A2EA18 /* SceneDelegate.swift */; };
		1590B04226CE5D6A00A2EA18 /* ViewController.swift in Sources */ = {isa = PBXBuildFile; fileRef = 1590B04126CE5D6A00A2EA18 /* ViewController.swift */; };
		1590B04526CE5D6A00A2EA18 /* Main.storyboard in Resources */ = {isa = PBXBuildFile; fileRef = 1590B04326CE5D6A00A2EA18 /* Main.storyboard */; };
		1590B04726CE5D6D00A2EA18 /* Assets.xcassets in Resources */ = {isa = PBXBuildFile; fileRef = 1590B04626CE5D6D00A2EA18 /* Assets.xcassets */; };
		1590B04A26CE5D6D00A2EA18 /* LaunchScreen.storyboard in Resources */ = {isa = PBXBuildFile; fileRef = 1590B04826CE5D6D00A2EA18 /* LaunchScreen.storyboard */; };
		1590B05526CE5D6D00A2EA18 /* twitter_navcontroller_exampleTests.swift in Sources */ = {isa = PBXBuildFile; fileRef = 1590B05426CE5D6D00A2EA18 /* twitter_navcontroller_exampleTests.swift */; };
		1590B06026CE5D6D00A2EA18 /* twitter_navcontroller_exampleUITests.swift in Sources */ = {isa = PBXBuildFile; fileRef = 1590B05F26CE5D6D00A2EA18 /* twitter_navcontroller_exampleUITests.swift */; };
/* End PBXBuildFile section */

/* Begin PBXContainerItemProxy section */
		1590B05126CE5D6D00A2EA18 /* PBXContainerItemProxy */ = {
			isa = PBXContainerItemProxy;
			containerPortal = 1590B03226CE5D6A00A2EA18 /* Project object */;
			proxyType = 1;
			remoteGlobalIDString = 1590B03926CE5D6A00A2EA18;
			remoteInfo = "twitter-navcontroller-example";
		};
		1590B05C26CE5D6D00A2EA18 /* PBXContainerItemProxy */ = {
			isa = PBXContainerItemProxy;
			containerPortal = 1590B03226CE5D6A00A2EA18 /* Project object */;
			proxyType = 1;
			remoteGlobalIDString = 1590B03926CE5D6A00A2EA18;
			remoteInfo = "twitter-navcontroller-example";
		};
/* End PBXContainerItemProxy section */

/* Begin PBXFileReference section */
		1590B03A26CE5D6A00A2EA18 /* twitter-navcontroller-example.app */ = {isa = PBXFileReference; explicitFileType = wrapper.application; includeInIndex = 0; path = "twitter-navcontroller-example.app"; sourceTree = BUILT_PRODUCTS_DIR; };
		1590B03D26CE5D6A00A2EA18 /* AppDelegate.swift */ = {isa = PBXFileReference; lastKnownFileType = sourcecode.swift; path = AppDelegate.swift; sourceTree = "<group>"; };
		1590B03F26CE5D6A00A2EA18 /* SceneDelegate.swift */ = {isa = PBXFileReference; lastKnownFileType = sourcecode.swift; path = SceneDelegate.swift; sourceTree = "<group>"; };
		1590B04126CE5D6A00A2EA18 /* ViewController.swift */ = {isa = PBXFileReference; lastKnownFileType = sourcecode.swift; path = ViewController.swift; sourceTree = "<group>"; };
		1590B04426CE5D6A00A2EA18 /* Base */ = {isa = PBXFileReference; lastKnownFileType = file.storyboard; name = Base; path = Base.lproj/Main.storyboard; sourceTree = "<group>"; };
		1590B04626CE5D6D00A2EA18 /* Assets.xcassets */ = {isa = PBXFileReference; lastKnownFileType = folder.assetcatalog; path = Assets.xcassets; sourceTree = "<group>"; };
		1590B04926CE5D6D00A2EA18 /* Base */ = {isa = PBXFileReference; lastKnownFileType = file.storyboard; name = Base; path = Base.lproj/LaunchScreen.storyboard; sourceTree = "<group>"; };
		1590B04B26CE5D6D00A2EA18 /* Info.plist */ = {isa = PBXFileReference; lastKnownFileType = text.plist.xml; path = Info.plist; sourceTree = "<group>"; };
		1590B05026CE5D6D00A2EA18 /* twitter-navcontroller-exampleTests.xctest */ = {isa = PBXFileReference; explicitFileType = wrapper.cfbundle; includeInIndex = 0; path = "twitter-navcontroller-exampleTests.xctest"; sourceTree = BUILT_PRODUCTS_DIR; };
		1590B05426CE5D6D00A2EA18 /* twitter_navcontroller_exampleTests.swift */ = {isa = PBXFileReference; lastKnownFileType = sourcecode.swift; path = twitter_navcontroller_exampleTests.swift; sourceTree = "<group>"; };
		1590B05626CE5D6D00A2EA18 /* Info.plist */ = {isa = PBXFileReference; lastKnownFileType = text.plist.xml; path = Info.plist; sourceTree = "<group>"; };
		1590B05B26CE5D6D00A2EA18 /* twitter-navcontroller-exampleUITests.xctest */ = {isa = PBXFileReference; explicitFileType = wrapper.cfbundle; includeInIndex = 0; path = "twitter-navcontroller-exampleUITests.xctest"; sourceTree = BUILT_PRODUCTS_DIR; };
		1590B05F26CE5D6D00A2EA18 /* twitter_navcontroller_exampleUITests.swift */ = {isa = PBXFileReference; lastKnownFileType = sourcecode.swift; path = twitter_navcontroller_exampleUITests.swift; sourceTree = "<group>"; };
		1590B06126CE5D6D00A2EA18 /* Info.plist */ = {isa = PBXFileReference; lastKnownFileType = text.plist.xml; path = Info.plist; sourceTree = "<group>"; };
/* End PBXFileReference section */

/* Begin PBXFrameworksBuildPhase section */
		1590B03726CE5D6A00A2EA18 /* Frameworks */ = {
			isa = PBXFrameworksBuildPhase;
			buildActionMask = 2147483647;
			files = (
			);
			runOnlyForDeploymentPostprocessing = 0;
		};
		1590B04D26CE5D6D00A2EA18 /* Frameworks */ = {
			isa = PBXFrameworksBuildPhase;
			buildActionMask = 2147483647;
			files = (
			);
			runOnlyForDeploymentPostprocessing = 0;
		};
		1590B05826CE5D6D00A2EA18 /* Frameworks */ = {
			isa = PBXFrameworksBuildPhase;
			buildActionMask = 2147483647;
			files = (
			);
			runOnlyForDeploymentPostprocessing = 0;
		};
/* End PBXFrameworksBuildPhase section */

/* Begin PBXGroup section */
		1590B03126CE5D6A00A2EA18 = {
			isa = PBXGroup;
			children = (
				1590B03C26CE5D6A00A2EA18 /* twitter-navcontroller-example */,
				1590B05326CE5D6D00A2EA18 /* twitter-navcontroller-exampleTests */,
				1590B05E26CE5D6D00A2EA18 /* twitter-navcontroller-exampleUITests */,
				1590B03B26CE5D6A00A2EA18 /* Products */,
			);
			sourceTree = "<group>";
		};
		1590B03B26CE5D6A00A2EA18 /* Products */ = {
			isa = PBXGroup;
			children = (
				1590B03A26CE5D6A00A2EA18 /* twitter-navcontroller-example.app */,
				1590B05026CE5D6D00A2EA18 /* twitter-navcontroller-exampleTests.xctest */,
				1590B05B26CE5D6D00A2EA18 /* twitter-navcontroller-exampleUITests.xctest */,
			);
			name = Products;
			sourceTree = "<group>";
		};
		1590B03C26CE5D6A00A2EA18 /* twitter-navcontroller-example */ = {
			isa = PBXGroup;
			children = (
				1590B03D26CE5D6A00A2EA18 /* AppDelegate.swift */,
				1590B03F26CE5D6A00A2EA18 /* SceneDelegate.swift */,
				1590B04126CE5D6A00A2EA18 /* ViewController.swift */,
				1590B04326CE5D6A00A2EA18 /* Main.storyboard */,
				1590B04626CE5D6D00A2EA18 /* Assets.xcassets */,
				1590B04826CE5D6D00A2EA18 /* LaunchScreen.storyboard */,
				1590B04B26CE5D6D00A2EA18 /* Info.plist */,
			);
			path = "twitter-navcontroller-example";
			sourceTree = "<group>";
		};
		1590B05326CE5D6D00A2EA18 /* twitter-navcontroller-exampleTests */ = {
			isa = PBXGroup;
			children = (
				1590B05426CE5D6D00A2EA18 /* twitter_navcontroller_exampleTests.swift */,
				1590B05626CE5D6D00A2EA18 /* Info.plist */,
			);
			path = "twitter-navcontroller-exampleTests";
			sourceTree = "<group>";
		};
		1590B05E26CE5D6D00A2EA18 /* twitter-navcontroller-exampleUITests */ = {
			isa = PBXGroup;
			children = (
				1590B05F26CE5D6D00A2EA18 /* twitter_navcontroller_exampleUITests.swift */,
				1590B06126CE5D6D00A2EA18 /* Info.plist */,
			);
			path = "twitter-navcontroller-exampleUITests";
			sourceTree = "<group>";
		};
/* End PBXGroup section */

/* Begin PBXNativeTarget section */
		1590B03926CE5D6A00A2EA18 /* twitter-navcontroller-example */ = {
			isa = PBXNativeTarget;
			buildConfigurationList = 1590B06426CE5D6D00A2EA18 /* Build configuration list for PBXNativeTarget "twitter-navcontroller-example" */;
			buildPhases = (
				1590B03626CE5D6A00A2EA18 /* Sources */,
				1590B03726CE5D6A00A2EA18 /* Frameworks */,
				1590B03826CE5D6A00A2EA18 /* Resources */,
			);
			buildRules = (
			);
			dependencies = (
			);
			name = "twitter-navcontroller-example";
			productName = "twitter-navcontroller-example";
			productReference = 1590B03A26CE5D6A00A2EA18 /* twitter-navcontroller-example.app */;
			productType = "com.apple.product-type.application";
		};
		1590B04F26CE5D6D00A2EA18 /* twitter-navcontroller-exampleTests */ = {
			isa = PBXNativeTarget;
			buildConfigurationList = 1590B06726CE5D6D00A2EA18 /* Build configuration list for PBXNativeTarget "twitter-navcontroller-exampleTests" */;
			buildPhases = (
				1590B04C26CE5D6D00A2EA18 /* Sources */,
				1590B04D26CE5D6D00A2EA18 /* Frameworks */,
				1590B04E26CE5D6D00A2EA18 /* Resources */,
			);
			buildRules = (
			);
			dependencies = (
				1590B05226CE5D6D00A2EA18 /* PBXTargetDependency */,
			);
			name = "twitter-navcontroller-exampleTests";
			productName = "twitter-navcontroller-exampleTests";
			productReference = 1590B05026CE5D6D00A2EA18 /* twitter-navcontroller-exampleTests.xctest */;
			productType = "com.apple.product-type.bundle.unit-test";
		};
		1590B05A26CE5D6D00A2EA18 /* twitter-navcontroller-exampleUITests */ = {
			isa = PBXNativeTarget;
			buildConfigurationList = 1590B06A26CE5D6D00A2EA18 /* Build configuration list for PBXNativeTarget "twitter-navcontroller-exampleUITests" */;
			buildPhases = (
				1590B05726CE5D6D00A2EA18 /* Sources */,
				1590B05826CE5D6D00A2EA18 /* Frameworks */,
				1590B05926CE5D6D00A2EA18 /* Resources */,
			);
			buildRules = (
			);
			dependencies = (
				1590B05D26CE5D6D00A2EA18 /* PBXTargetDependency */,
			);
			name = "twitter-navcontroller-exampleUITests";
			productName = "twitter-navcontroller-exampleUITests";
			productReference = 1590B05B26CE5D6D00A2EA18 /* twitter-navcontroller-exampleUITests.xctest */;
			productType = "com.apple.product-type.bundle.ui-testing";
		};
/* End PBXNativeTarget section */

/* Begin PBXProject section */
		1590B03226CE5D6A00A2EA18 /* Project object */ = {
			isa = PBXProject;
			attributes = {
				LastSwiftUpdateCheck = 1240;
				LastUpgradeCheck = 1240;
				TargetAttributes = {
					1590B03926CE5D6A00A2EA18 = {
						CreatedOnToolsVersion = 12.4;
					};
					1590B04F26CE5D6D00A2EA18 = {
						CreatedOnToolsVersion = 12.4;
						TestTargetID = 1590B03926CE5D6A00A2EA18;
					};
					1590B05A26CE5D6D00A2EA18 = {
						CreatedOnToolsVersion = 12.4;
						TestTargetID = 1590B03926CE5D6A00A2EA18;
					};
				};
			};
			buildConfigurationList = 1590B03526CE5D6A00A2EA18 /* Build configuration list for PBXProject "twitter-navcontroller-example" */;
			compatibilityVersion = "Xcode 9.3";
			developmentRegion = en;
			hasScannedForEncodings = 0;
			knownRegions = (
				en,
				Base,
			);
			mainGroup = 1590B03126CE5D6A00A2EA18;
			productRefGroup = 1590B03B26CE5D6A00A2EA18 /* Products */;
			projectDirPath = "";
			projectRoot = "";
			targets = (
				1590B03926CE5D6A00A2EA18 /* twitter-navcontroller-example */,
				1590B04F26CE5D6D00A2EA18 /* twitter-navcontroller-exampleTests */,
				1590B05A26CE5D6D00A2EA18 /* twitter-navcontroller-exampleUITests */,
			);
		};
/* End PBXProject section */

/* Begin PBXResourcesBuildPhase section */
		1590B03826CE5D6A00A2EA18 /* Resources */ = {
			isa = PBXResourcesBuildPhase;
			buildActionMask = 2147483647;
			files = (
				1590B04A26CE5D6D00A2EA18 /* LaunchScreen.storyboard in Resources */,
				1590B04726CE5D6D00A2EA18 /* Assets.xcassets in Resources */,
				1590B04526CE5D6A00A2EA18 /* Main.storyboard in Resources */,
			);
			runOnlyForDeploymentPostprocessing = 0;
		};
		1590B04E26CE5D6D00A2EA18 /* Resources */ = {
			isa = PBXResourcesBuildPhase;
			buildActionMask = 2147483647;
			files = (
			);
			runOnlyForDeploymentPostprocessing = 0;
		};
		1590B05926CE5D6D00A2EA18 /* Resources */ = {
			isa = PBXResourcesBuildPhase;
			buildActionMask = 2147483647;
			files = (
			);
			runOnlyForDeploymentPostprocessing = 0;
		};
/* End PBXResourcesBuildPhase section */

/* Begin PBXSourcesBuildPhase section */
		1590B03626CE5D6A00A2EA18 /* Sources */ = {
			isa = PBXSourcesBuildPhase;
			buildActionMask = 2147483647;
			files = (
				1590B04226CE5D6A00A2EA18 /* ViewController.swift in Sources */,
				1590B03E26CE5D6A00A2EA18 /* AppDelegate.swift in Sources */,
				1590B04026CE5D6A00A2EA18 /* SceneDelegate.swift in Sources */,
			);
			runOnlyForDeploymentPostprocessing = 0;
		};
		1590B04C26CE5D6D00A2EA18 /* Sources */ = {
			isa = PBXSourcesBuildPhase;
			buildActionMask = 2147483647;
			files = (
				1590B05526CE5D6D00A2EA18 /* twitter_navcontroller_exampleTests.swift in Sources */,
			);
			runOnlyForDeploymentPostprocessing = 0;
		};
		1590B05726CE5D6D00A2EA18 /* Sources */ = {
			isa = PBXSourcesBuildPhase;
			buildActionMask = 2147483647;
			files = (
				1590B06026CE5D6D00A2EA18 /* twitter_navcontroller_exampleUITests.swift in Sources */,
			);
			runOnlyForDeploymentPostprocessing = 0;
		};
/* End PBXSourcesBuildPhase section */

/* Begin PBXTargetDependency section */
		1590B05226CE5D6D00A2EA18 /* PBXTargetDependency */ = {
			isa = PBXTargetDependency;
			target = 1590B03926CE5D6A00A2EA18 /* twitter-navcontroller-example */;
			targetProxy = 1590B05126CE5D6D00A2EA18 /* PBXContainerItemProxy */;
		};
		1590B05D26CE5D6D00A2EA18 /* PBXTargetDependency */ = {
			isa = PBXTargetDependency;
			target = 1590B03926CE5D6A00A2EA18 /* twitter-navcontroller-example */;
			targetProxy = 1590B05C26CE5D6D00A2EA18 /* PBXContainerItemProxy */;
		};
/* End PBXTargetDependency section */

/* Begin PBXVariantGroup section */
		1590B04326CE5D6A00A2EA18 /* Main.storyboard */ = {
			isa = PBXVariantGroup;
			children = (
				1590B04426CE5D6A00A2EA18 /* Base */,
			);
			name = Main.storyboard;
			sourceTree = "<group>";
		};
		1590B04826CE5D6D00A2EA18 /* LaunchScreen.storyboard */ = {
			isa = PBXVariantGroup;
			children = (
				1590B04926CE5D6D00A2EA18 /* Base */,
			);
			name = LaunchScreen.storyboard;
			sourceTree = "<group>";
		};
/* End PBXVariantGroup section */

/* Begin XCBuildConfiguration section */
		1590B06226CE5D6D00A2EA18 /* Debug */ = {
			isa = XCBuildConfiguration;
			buildSettings = {
				ALWAYS_SEARCH_USER_PATHS = NO;
				CLANG_ANALYZER_NONNULL = YES;
				CLANG_ANALYZER_NUMBER_OBJECT_CONVERSION = YES_AGGRESSIVE;
				CLANG_CXX_LANGUAGE_STANDARD = "gnu++14";
				CLANG_CXX_LIBRARY = "libc++";
				CLANG_ENABLE_MODULES = YES;
				CLANG_ENABLE_OBJC_ARC = YES;
				CLANG_ENABLE_OBJC_WEAK = YES;
				CLANG_WARN_BLOCK_CAPTURE_AUTORELEASING = YES;
				CLANG_WARN_BOOL_CONVERSION = YES;
				CLANG_WARN_COMMA = YES;
				CLANG_WARN_CONSTANT_CONVERSION = YES;
				CLANG_WARN_DEPRECATED_OBJC_IMPLEMENTATIONS = YES;
				CLANG_WARN_DIRECT_OBJC_ISA_USAGE = YES_ERROR;
				CLANG_WARN_DOCUMENTATION_COMMENTS = YES;
				CLANG_WARN_EMPTY_BODY = YES;
				CLANG_WARN_ENUM_CONVERSION = YES;
				CLANG_WARN_INFINITE_RECURSION = YES;
				CLANG_WARN_INT_CONVERSION = YES;
				CLANG_WARN_NON_LITERAL_NULL_CONVERSION = YES;
				CLANG_WARN_OBJC_IMPLICIT_RETAIN_SELF = YES;
				CLANG_WARN_OBJC_LITERAL_CONVERSION = YES;
				CLANG_WARN_OBJC_ROOT_CLASS = YES_ERROR;
				CLANG_WARN_QUOTED_INCLUDE_IN_FRAMEWORK_HEADER = YES;
				CLANG_WARN_RANGE_LOOP_ANALYSIS = YES;
				CLANG_WARN_STRICT_PROTOTYPES = YES;
				CLANG_WARN_SUSPICIOUS_MOVE = YES;
				CLANG_WARN_UNGUARDED_AVAILABILITY = YES_AGGRESSIVE;
				CLANG_WARN_UNREACHABLE_CODE = YES;
				CLANG_WARN__DUPLICATE_METHOD_MATCH = YES;
				COPY_PHASE_STRIP = NO;
				DEBUG_INFORMATION_FORMAT = dwarf;
				ENABLE_STRICT_OBJC_MSGSEND = YES;
				ENABLE_TESTABILITY = YES;
				GCC_C_LANGUAGE_STANDARD = gnu11;
				GCC_DYNAMIC_NO_PIC = NO;
				GCC_NO_COMMON_BLOCKS = YES;
				GCC_OPTIMIZATION_LEVEL = 0;
				GCC_PREPROCESSOR_DEFINITIONS = (
					"DEBUG=1",
					"$(inherited)",
				);
				GCC_WARN_64_TO_32_BIT_CONVERSION = YES;
				GCC_WARN_ABOUT_RETURN_TYPE = YES_ERROR;
				GCC_WARN_UNDECLARED_SELECTOR = YES;
				GCC_WARN_UNINITIALIZED_AUTOS = YES_AGGRESSIVE;
				GCC_WARN_UNUSED_FUNCTION = YES;
				GCC_WARN_UNUSED_VARIABLE = YES;
				IPHONEOS_DEPLOYMENT_TARGET = 14.4;
				MTL_ENABLE_DEBUG_INFO = INCLUDE_SOURCE;
				MTL_FAST_MATH = YES;
				ONLY_ACTIVE_ARCH = YES;
				SDKROOT = iphoneos;
				SWIFT_ACTIVE_COMPILATION_CONDITIONS = DEBUG;
				SWIFT_OPTIMIZATION_LEVEL = "-Onone";
			};
			name = Debug;
		};
		1590B06326CE5D6D00A2EA18 /* Release */ = {
			isa = XCBuildConfiguration;
			buildSettings = {
				ALWAYS_SEARCH_USER_PATHS = NO;
				CLANG_ANALYZER_NONNULL = YES;
				CLANG_ANALYZER_NUMBER_OBJECT_CONVERSION = YES_AGGRESSIVE;
				CLANG_CXX_LANGUAGE_STANDARD = "gnu++14";
				CLANG_CXX_LIBRARY = "libc++";
				CLANG_ENABLE_MODULES = YES;
				CLANG_ENABLE_OBJC_ARC = YES;
				CLANG_ENABLE_OBJC_WEAK = YES;
				CLANG_WARN_BLOCK_CAPTURE_AUTORELEASING = YES;
				CLANG_WARN_BOOL_CONVERSION = YES;
				CLANG_WARN_COMMA = YES;
				CLANG_WARN_CONSTANT_CONVERSION = YES;
				CLANG_WARN_DEPRECATED_OBJC_IMPLEMENTATIONS = YES;
				CLANG_WARN_DIRECT_OBJC_ISA_USAGE = YES_ERROR;
				CLANG_WARN_DOCUMENTATION_COMMENTS = YES;
				CLANG_WARN_EMPTY_BODY = YES;
				CLANG_WARN_ENUM_CONVERSION = YES;
				CLANG_WARN_INFINITE_RECURSION = YES;
				CLANG_WARN_INT_CONVERSION = YES;
				CLANG_WARN_NON_LITERAL_NULL_CONVERSION = YES;
				CLANG_WARN_OBJC_IMPLICIT_RETAIN_SELF = YES;
				CLANG_WARN_OBJC_LITERAL_CONVERSION = YES;
				CLANG_WARN_OBJC_ROOT_CLASS = YES_ERROR;
				CLANG_WARN_QUOTED_INCLUDE_IN_FRAMEWORK_HEADER = YES;
				CLANG_WARN_RANGE_LOOP_ANALYSIS = YES;
				CLANG_WARN_STRICT_PROTOTYPES = YES;
				CLANG_WARN_SUSPICIOUS_MOVE = YES;
				CLANG_WARN_UNGUARDED_AVAILABILITY = YES_AGGRESSIVE;
				CLANG_WARN_UNREACHABLE_CODE = YES;
				CLANG_WARN__DUPLICATE_METHOD_MATCH = YES;
				COPY_PHASE_STRIP = NO;
				DEBUG_INFORMATION_FORMAT = "dwarf-with-dsym";
				ENABLE_NS_ASSERTIONS = NO;
				ENABLE_STRICT_OBJC_MSGSEND = YES;
				GCC_C_LANGUAGE_STANDARD = gnu11;
				GCC_NO_COMMON_BLOCKS = YES;
				GCC_WARN_64_TO_32_BIT_CONVERSION = YES;
				GCC_WARN_ABOUT_RETURN_TYPE = YES_ERROR;
				GCC_WARN_UNDECLARED_SELECTOR = YES;
				GCC_WARN_UNINITIALIZED_AUTOS = YES_AGGRESSIVE;
				GCC_WARN_UNUSED_FUNCTION = YES;
				GCC_WARN_UNUSED_VARIABLE = YES;
				IPHONEOS_DEPLOYMENT_TARGET = 14.4;
				MTL_ENABLE_DEBUG_INFO = NO;
				MTL_FAST_MATH = YES;
				SDKROOT = iphoneos;
				SWIFT_COMPILATION_MODE = wholemodule;
				SWIFT_OPTIMIZATION_LEVEL = "-O";
				VALIDATE_PRODUCT = YES;
			};
			name = Release;
		};
		1590B06526CE5D6D00A2EA18 /* Debug */ = {
			isa = XCBuildConfiguration;
			buildSettings = {
				ASSETCATALOG_COMPILER_APPICON_NAME = AppIcon;
				ASSETCATALOG_COMPILER_GLOBAL_ACCENT_COLOR_NAME = AccentColor;
				CODE_SIGN_STYLE = Automatic;
				INFOPLIST_FILE = "twitter-navcontroller-example/Info.plist";
				LD_RUNPATH_SEARCH_PATHS = (
					"$(inherited)",
					"@executable_path/Frameworks",
				);
				PRODUCT_BUNDLE_IDENTIFIER = "thicapps.twitter-navcontroller-example";
				PRODUCT_NAME = "$(TARGET_NAME)";
				SWIFT_VERSION = 5.0;
				TARGETED_DEVICE_FAMILY = "1,2";
			};
			name = Debug;
		};
		1590B06626CE5D6D00A2EA18 /* Release */ = {
			isa = XCBuildConfiguration;
			buildSettings = {
				ASSETCATALOG_COMPILER_APPICON_NAME = AppIcon;
				ASSETCATALOG_COMPILER_GLOBAL_ACCENT_COLOR_NAME = AccentColor;
				CODE_SIGN_STYLE = Automatic;
				INFOPLIST_FILE = "twitter-navcontroller-example/Info.plist";
				LD_RUNPATH_SEARCH_PATHS = (
					"$(inherited)",
					"@executable_path/Frameworks",
				);
				PRODUCT_BUNDLE_IDENTIFIER = "thicapps.twitter-navcontroller-example";
				PRODUCT_NAME = "$(TARGET_NAME)";
				SWIFT_VERSION = 5.0;
				TARGETED_DEVICE_FAMILY = "1,2";
			};
			name = Release;
		};
		1590B06826CE5D6D00A2EA18 /* Debug */ = {
			isa = XCBuildConfiguration;
			buildSettings = {
				ALWAYS_EMBED_SWIFT_STANDARD_LIBRARIES = YES;
				BUNDLE_LOADER = "$(TEST_HOST)";
				CODE_SIGN_STYLE = Automatic;
				INFOPLIST_FILE = "twitter-navcontroller-exampleTests/Info.plist";
				IPHONEOS_DEPLOYMENT_TARGET = 14.4;
				LD_RUNPATH_SEARCH_PATHS = (
					"$(inherited)",
					"@executable_path/Frameworks",
					"@loader_path/Frameworks",
				);
				PRODUCT_BUNDLE_IDENTIFIER = "thicapps.twitter-navcontroller-exampleTests";
				PRODUCT_NAME = "$(TARGET_NAME)";
				SWIFT_VERSION = 5.0;
				TARGETED_DEVICE_FAMILY = "1,2";
				TEST_HOST = "$(BUILT_PRODUCTS_DIR)/twitter-navcontroller-example.app/twitter-navcontroller-example";
			};
			name = Debug;
		};
		1590B06926CE5D6D00A2EA18 /* Release */ = {
			isa = XCBuildConfiguration;
			buildSettings = {
				ALWAYS_EMBED_SWIFT_STANDARD_LIBRARIES = YES;
				BUNDLE_LOADER = "$(TEST_HOST)";
				CODE_SIGN_STYLE = Automatic;
				INFOPLIST_FILE = "twitter-navcontroller-exampleTests/Info.plist";
				IPHONEOS_DEPLOYMENT_TARGET = 14.4;
				LD_RUNPATH_SEARCH_PATHS = (
					"$(inherited)",
					"@executable_path/Frameworks",
					"@loader_path/Frameworks",
				);
				PRODUCT_BUNDLE_IDENTIFIER = "thicapps.twitter-navcontroller-exampleTests";
				PRODUCT_NAME = "$(TARGET_NAME)";
				SWIFT_VERSION = 5.0;
				TARGETED_DEVICE_FAMILY = "1,2";
				TEST_HOST = "$(BUILT_PRODUCTS_DIR)/twitter-navcontroller-example.app/twitter-navcontroller-example";
			};
			name = Release;
		};
		1590B06B26CE5D6D00A2EA18 /* Debug */ = {
			isa = XCBuildConfiguration;
			buildSettings = {
				ALWAYS_EMBED_SWIFT_STANDARD_LIBRARIES = YES;
				CODE_SIGN_STYLE = Automatic;
				INFOPLIST_FILE = "twitter-navcontroller-exampleUITests/Info.plist";
				LD_RUNPATH_SEARCH_PATHS = (
					"$(inherited)",
					"@executable_path/Frameworks",
					"@loader_path/Frameworks",
				);
				PRODUCT_BUNDLE_IDENTIFIER = "thicapps.twitter-navcontroller-exampleUITests";
				PRODUCT_NAME = "$(TARGET_NAME)";
				SWIFT_VERSION = 5.0;
				TARGETED_DEVICE_FAMILY = "1,2";
				TEST_TARGET_NAME = "twitter-navcontroller-example";
			};
			name = Debug;
		};
		1590B06C26CE5D6D00A2EA18 /* Release */ = {
			isa = XCBuildConfiguration;
			buildSettings = {
				ALWAYS_EMBED_SWIFT_STANDARD_LIBRARIES = YES;
				CODE_SIGN_STYLE = Automatic;
				INFOPLIST_FILE = "twitter-navcontroller-exampleUITests/Info.plist";
				LD_RUNPATH_SEARCH_PATHS = (
					"$(inherited)",
					"@executable_path/Frameworks",
					"@loader_path/Frameworks",
				);
				PRODUCT_BUNDLE_IDENTIFIER = "thicapps.twitter-navcontroller-exampleUITests";
				PRODUCT_NAME = "$(TARGET_NAME)";
				SWIFT_VERSION = 5.0;
				TARGETED_DEVICE_FAMILY = "1,2";
				TEST_TARGET_NAME = "twitter-navcontroller-example";
			};
			name = Release;
		};
/* End XCBuildConfiguration section */

/* Begin XCConfigurationList section */
		1590B03526CE5D6A00A2EA18 /* Build configuration list for PBXProject "twitter-navcontroller-example" */ = {
			isa = XCConfigurationList;
			buildConfigurations = (
				1590B06226CE5D6D00A2EA18 /* Debug */,
				1590B06326CE5D6D00A2EA18 /* Release */,
			);
			defaultConfigurationIsVisible = 0;
			defaultConfigurationName = Release;
		};
		1590B06426CE5D6D00A2EA18 /* Build configuration list for PBXNativeTarget "twitter-navcontroller-example" */ = {
			isa = XCConfigurationList;
			buildConfigurations = (
				1590B06526CE5D6D00A2EA18 /* Debug */,
				1590B06626CE5D6D00A2EA18 /* Release */,
			);
			defaultConfigurationIsVisible = 0;
			defaultConfigurationName = Release;
		};
		1590B06726CE5D6D00A2EA18 /* Build configuration list for PBXNativeTarget "twitter-navcontroller-exampleTests" */ = {
			isa = XCConfigurationList;
			buildConfigurations = (
				1590B06826CE5D6D00A2EA18 /* Debug */,
				1590B06926CE5D6D00A2EA18 /* Release */,
			);
			defaultConfigurationIsVisible = 0;
			defaultConfigurationName = Release;
		};
		1590B06A26CE5D6D00A2EA18 /* Build configuration list for PBXNativeTarget "twitter-navcontroller-exampleUITests" */ = {
			isa = XCConfigurationList;
			buildConfigurations = (
				1590B06B26CE5D6D00A2EA18 /* Debug */,
				1590B06C26CE5D6D00A2EA18 /* Release */,
			);
			defaultConfigurationIsVisible = 0;
			defaultConfigurationName = Release;
		};
/* End XCConfigurationList section */
	};
	rootObject = 1590B03226CE5D6A00A2EA18 /* Project object */;
}
